// !$*UTF8*$!
{
	archiveVersion = 1;
	classes = {
	};
	objectVersion = 56;
	objects = {

/* Begin PBXBuildFile section */
		B01C842B2B146E430081CA46 /* MyRecipeApp.swift in Sources */ = {isa = PBXBuildFile; fileRef = B01C842A2B146E430081CA46 /* MyRecipeApp.swift */; };
		B01C842D2B146E430081CA46 /* ContentView.swift in Sources */ = {isa = PBXBuildFile; fileRef = B01C842C2B146E430081CA46 /* ContentView.swift */; };
		B01C842F2B146E440081CA46 /* Assets.xcassets in Resources */ = {isa = PBXBuildFile; fileRef = B01C842E2B146E440081CA46 /* Assets.xcassets */; };
		B01C84322B146E440081CA46 /* Preview Assets.xcassets in Resources */ = {isa = PBXBuildFile; fileRef = B01C84312B146E440081CA46 /* Preview Assets.xcassets */; };
		B01C843C2B146E440081CA46 /* MyRecipeTests.swift in Sources */ = {isa = PBXBuildFile; fileRef = B01C843B2B146E440081CA46 /* MyRecipeTests.swift */; };
		B01C84462B146E440081CA46 /* MyRecipeUITests.swift in Sources */ = {isa = PBXBuildFile; fileRef = B01C84452B146E440081CA46 /* MyRecipeUITests.swift */; };
		B01C84482B146E440081CA46 /* MyRecipeUITestsLaunchTests.swift in Sources */ = {isa = PBXBuildFile; fileRef = B01C84472B146E440081CA46 /* MyRecipeUITestsLaunchTests.swift */; };
		B01C84572B14836B0081CA46 /* Recipe.swift in Sources */ = {isa = PBXBuildFile; fileRef = B01C84562B14836B0081CA46 /* Recipe.swift */; };
		B01C84592B1487B70081CA46 /* Unit.swift in Sources */ = {isa = PBXBuildFile; fileRef = B01C84582B1487B70081CA46 /* Unit.swift */; };
		B02141AE2B1BE1C400532B18 /* RecipeRow.swift in Sources */ = {isa = PBXBuildFile; fileRef = B02141AD2B1BE1C400532B18 /* RecipeRow.swift */; };
		B02141B02B1BE28E00532B18 /* mockData.json in Resources */ = {isa = PBXBuildFile; fileRef = B02141AF2B1BE28E00532B18 /* mockData.json */; };
		B02141B22B1C287C00532B18 /* RecipeList.swift in Sources */ = {isa = PBXBuildFile; fileRef = B02141B12B1C287C00532B18 /* RecipeList.swift */; };
		B02141B82B1D50B800532B18 /* Settings.swift in Sources */ = {isa = PBXBuildFile; fileRef = B02141B72B1D50B800532B18 /* Settings.swift */; };
		B02141BC2B1D51D900532B18 /* RecipeDetail.swift in Sources */ = {isa = PBXBuildFile; fileRef = B02141BB2B1D51D900532B18 /* RecipeDetail.swift */; };
		B02141BE2B1EDBF500532B18 /* ModelData.swift in Sources */ = {isa = PBXBuildFile; fileRef = B02141BD2B1EDBF500532B18 /* ModelData.swift */; };
		B02141C02B21657100532B18 /* BulletedList.swift in Sources */ = {isa = PBXBuildFile; fileRef = B02141BF2B21657100532B18 /* BulletedList.swift */; };
		B02141C22B21657B00532B18 /* NumberedList.swift in Sources */ = {isa = PBXBuildFile; fileRef = B02141C12B21657B00532B18 /* NumberedList.swift */; };
		B02141C52B216D0800532B18 /* FavoriteButton.swift in Sources */ = {isa = PBXBuildFile; fileRef = B02141C42B216D0800532B18 /* FavoriteButton.swift */; };
		B02141C72B22796500532B18 /* NavigationTab.swift in Sources */ = {isa = PBXBuildFile; fileRef = B02141C62B22796500532B18 /* NavigationTab.swift */; };
		B02141CA2B22C79B00532B18 /* RegisterName.swift in Sources */ = {isa = PBXBuildFile; fileRef = B02141C92B22C79B00532B18 /* RegisterName.swift */; };
		B02141CC2B22C85F00532B18 /* StartRegister.swift in Sources */ = {isa = PBXBuildFile; fileRef = B02141CB2B22C85F00532B18 /* StartRegister.swift */; };
		B02141CE2B22C9E700532B18 /* SelectTint.swift in Sources */ = {isa = PBXBuildFile; fileRef = B02141CD2B22C9E700532B18 /* SelectTint.swift */; };
		B02141D02B22CE6F00532B18 /* ProgressButton.swift in Sources */ = {isa = PBXBuildFile; fileRef = B02141CF2B22CE6F00532B18 /* ProgressButton.swift */; };
		B02141D22B22F47E00532B18 /* LineTextField.swift in Sources */ = {isa = PBXBuildFile; fileRef = B02141D12B22F47E00532B18 /* LineTextField.swift */; };
		B02141D42B23761A00532B18 /* RegisterIngredients.swift in Sources */ = {isa = PBXBuildFile; fileRef = B02141D32B23761A00532B18 /* RegisterIngredients.swift */; };
		B02141D72B23ADC500532B18 /* RegisterSteps.swift in Sources */ = {isa = PBXBuildFile; fileRef = B02141D62B23ADC500532B18 /* RegisterSteps.swift */; };
/* End PBXBuildFile section */

/* Begin PBXContainerItemProxy section */
		B01C84382B146E440081CA46 /* PBXContainerItemProxy */ = {
			isa = PBXContainerItemProxy;
			containerPortal = B01C841F2B146E430081CA46 /* Project object */;
			proxyType = 1;
			remoteGlobalIDString = B01C84262B146E430081CA46;
			remoteInfo = MyRecipe;
		};
		B01C84422B146E440081CA46 /* PBXContainerItemProxy */ = {
			isa = PBXContainerItemProxy;
			containerPortal = B01C841F2B146E430081CA46 /* Project object */;
			proxyType = 1;
			remoteGlobalIDString = B01C84262B146E430081CA46;
			remoteInfo = MyRecipe;
		};
/* End PBXContainerItemProxy section */

/* Begin PBXFileReference section */
		B01C84272B146E430081CA46 /* MyRecipe.app */ = {isa = PBXFileReference; explicitFileType = wrapper.application; includeInIndex = 0; path = MyRecipe.app; sourceTree = BUILT_PRODUCTS_DIR; };
		B01C842A2B146E430081CA46 /* MyRecipeApp.swift */ = {isa = PBXFileReference; lastKnownFileType = sourcecode.swift; path = MyRecipeApp.swift; sourceTree = "<group>"; };
		B01C842C2B146E430081CA46 /* ContentView.swift */ = {isa = PBXFileReference; lastKnownFileType = sourcecode.swift; path = ContentView.swift; sourceTree = "<group>"; };
		B01C842E2B146E440081CA46 /* Assets.xcassets */ = {isa = PBXFileReference; lastKnownFileType = folder.assetcatalog; path = Assets.xcassets; sourceTree = "<group>"; };
		B01C84312B146E440081CA46 /* Preview Assets.xcassets */ = {isa = PBXFileReference; lastKnownFileType = folder.assetcatalog; path = "Preview Assets.xcassets"; sourceTree = "<group>"; };
		B01C84372B146E440081CA46 /* MyRecipeTests.xctest */ = {isa = PBXFileReference; explicitFileType = wrapper.cfbundle; includeInIndex = 0; path = MyRecipeTests.xctest; sourceTree = BUILT_PRODUCTS_DIR; };
		B01C843B2B146E440081CA46 /* MyRecipeTests.swift */ = {isa = PBXFileReference; lastKnownFileType = sourcecode.swift; path = MyRecipeTests.swift; sourceTree = "<group>"; };
		B01C84412B146E440081CA46 /* MyRecipeUITests.xctest */ = {isa = PBXFileReference; explicitFileType = wrapper.cfbundle; includeInIndex = 0; path = MyRecipeUITests.xctest; sourceTree = BUILT_PRODUCTS_DIR; };
		B01C84452B146E440081CA46 /* MyRecipeUITests.swift */ = {isa = PBXFileReference; lastKnownFileType = sourcecode.swift; path = MyRecipeUITests.swift; sourceTree = "<group>"; };
		B01C84472B146E440081CA46 /* MyRecipeUITestsLaunchTests.swift */ = {isa = PBXFileReference; lastKnownFileType = sourcecode.swift; path = MyRecipeUITestsLaunchTests.swift; sourceTree = "<group>"; };
		B01C84562B14836B0081CA46 /* Recipe.swift */ = {isa = PBXFileReference; lastKnownFileType = sourcecode.swift; path = Recipe.swift; sourceTree = "<group>"; };
		B01C84582B1487B70081CA46 /* Unit.swift */ = {isa = PBXFileReference; lastKnownFileType = sourcecode.swift; path = Unit.swift; sourceTree = "<group>"; };
		B02141AD2B1BE1C400532B18 /* RecipeRow.swift */ = {isa = PBXFileReference; lastKnownFileType = sourcecode.swift; path = RecipeRow.swift; sourceTree = "<group>"; };
		B02141AF2B1BE28E00532B18 /* mockData.json */ = {isa = PBXFileReference; lastKnownFileType = text.json; path = mockData.json; sourceTree = "<group>"; };
		B02141B12B1C287C00532B18 /* RecipeList.swift */ = {isa = PBXFileReference; lastKnownFileType = sourcecode.swift; path = RecipeList.swift; sourceTree = "<group>"; };
		B02141B72B1D50B800532B18 /* Settings.swift */ = {isa = PBXFileReference; lastKnownFileType = sourcecode.swift; path = Settings.swift; sourceTree = "<group>"; };
		B02141BB2B1D51D900532B18 /* RecipeDetail.swift */ = {isa = PBXFileReference; lastKnownFileType = sourcecode.swift; path = RecipeDetail.swift; sourceTree = "<group>"; };
		B02141BD2B1EDBF500532B18 /* ModelData.swift */ = {isa = PBXFileReference; lastKnownFileType = sourcecode.swift; path = ModelData.swift; sourceTree = "<group>"; };
		B02141BF2B21657100532B18 /* BulletedList.swift */ = {isa = PBXFileReference; lastKnownFileType = sourcecode.swift; path = BulletedList.swift; sourceTree = "<group>"; };
		B02141C12B21657B00532B18 /* NumberedList.swift */ = {isa = PBXFileReference; lastKnownFileType = sourcecode.swift; path = NumberedList.swift; sourceTree = "<group>"; };
		B02141C42B216D0800532B18 /* FavoriteButton.swift */ = {isa = PBXFileReference; lastKnownFileType = sourcecode.swift; path = FavoriteButton.swift; sourceTree = "<group>"; };
		B02141C62B22796500532B18 /* NavigationTab.swift */ = {isa = PBXFileReference; lastKnownFileType = sourcecode.swift; path = NavigationTab.swift; sourceTree = "<group>"; };
		B02141C92B22C79B00532B18 /* RegisterName.swift */ = {isa = PBXFileReference; lastKnownFileType = sourcecode.swift; path = RegisterName.swift; sourceTree = "<group>"; };
		B02141CB2B22C85F00532B18 /* StartRegister.swift */ = {isa = PBXFileReference; lastKnownFileType = sourcecode.swift; path = StartRegister.swift; sourceTree = "<group>"; };
		B02141CD2B22C9E700532B18 /* SelectTint.swift */ = {isa = PBXFileReference; lastKnownFileType = sourcecode.swift; path = SelectTint.swift; sourceTree = "<group>"; };
		B02141CF2B22CE6F00532B18 /* ProgressButton.swift */ = {isa = PBXFileReference; lastKnownFileType = sourcecode.swift; path = ProgressButton.swift; sourceTree = "<group>"; };
		B02141D12B22F47E00532B18 /* LineTextField.swift */ = {isa = PBXFileReference; lastKnownFileType = sourcecode.swift; path = LineTextField.swift; sourceTree = "<group>"; };
		B02141D32B23761A00532B18 /* RegisterIngredients.swift */ = {isa = PBXFileReference; lastKnownFileType = sourcecode.swift; path = RegisterIngredients.swift; sourceTree = "<group>"; };
		B02141D62B23ADC500532B18 /* RegisterSteps.swift */ = {isa = PBXFileReference; lastKnownFileType = sourcecode.swift; path = RegisterSteps.swift; sourceTree = "<group>"; };
/* End PBXFileReference section */

/* Begin PBXFrameworksBuildPhase section */
		B01C84242B146E430081CA46 /* Frameworks */ = {
			isa = PBXFrameworksBuildPhase;
			buildActionMask = 2147483647;
			files = (
			);
			runOnlyForDeploymentPostprocessing = 0;
		};
		B01C84342B146E440081CA46 /* Frameworks */ = {
			isa = PBXFrameworksBuildPhase;
			buildActionMask = 2147483647;
			files = (
			);
			runOnlyForDeploymentPostprocessing = 0;
		};
		B01C843E2B146E440081CA46 /* Frameworks */ = {
			isa = PBXFrameworksBuildPhase;
			buildActionMask = 2147483647;
			files = (
			);
			runOnlyForDeploymentPostprocessing = 0;
		};
/* End PBXFrameworksBuildPhase section */

/* Begin PBXGroup section */
		B01C841E2B146E430081CA46 = {
			isa = PBXGroup;
			children = (
				B01C84292B146E430081CA46 /* MyRecipe */,
				B01C843A2B146E440081CA46 /* MyRecipeTests */,
				B01C84442B146E440081CA46 /* MyRecipeUITests */,
				B01C84282B146E430081CA46 /* Products */,
			);
			sourceTree = "<group>";
		};
		B01C84282B146E430081CA46 /* Products */ = {
			isa = PBXGroup;
			children = (
				B01C84272B146E430081CA46 /* MyRecipe.app */,
				B01C84372B146E440081CA46 /* MyRecipeTests.xctest */,
				B01C84412B146E440081CA46 /* MyRecipeUITests.xctest */,
			);
			name = Products;
			sourceTree = "<group>";
		};
		B01C84292B146E430081CA46 /* MyRecipe */ = {
			isa = PBXGroup;
			children = (
				B01C84552B1483500081CA46 /* Views */,
				B01C84542B1483430081CA46 /* Model */,
				B01C842A2B146E430081CA46 /* MyRecipeApp.swift */,
				B01C842E2B146E440081CA46 /* Assets.xcassets */,
				B01C84302B146E440081CA46 /* Preview Content */,
				B02141AF2B1BE28E00532B18 /* mockData.json */,
			);
			path = MyRecipe;
			sourceTree = "<group>";
		};
		B01C84302B146E440081CA46 /* Preview Content */ = {
			isa = PBXGroup;
			children = (
				B01C84312B146E440081CA46 /* Preview Assets.xcassets */,
			);
			path = "Preview Content";
			sourceTree = "<group>";
		};
		B01C843A2B146E440081CA46 /* MyRecipeTests */ = {
			isa = PBXGroup;
			children = (
				B01C843B2B146E440081CA46 /* MyRecipeTests.swift */,
			);
			path = MyRecipeTests;
			sourceTree = "<group>";
		};
		B01C84442B146E440081CA46 /* MyRecipeUITests */ = {
			isa = PBXGroup;
			children = (
				B01C84452B146E440081CA46 /* MyRecipeUITests.swift */,
				B01C84472B146E440081CA46 /* MyRecipeUITestsLaunchTests.swift */,
			);
			path = MyRecipeUITests;
			sourceTree = "<group>";
		};
		B01C84542B1483430081CA46 /* Model */ = {
			isa = PBXGroup;
			children = (
				B01C84562B14836B0081CA46 /* Recipe.swift */,
				B01C84582B1487B70081CA46 /* Unit.swift */,
				B02141BD2B1EDBF500532B18 /* ModelData.swift */,
			);
			path = Model;
			sourceTree = "<group>";
		};
		B01C84552B1483500081CA46 /* Views */ = {
			isa = PBXGroup;
			children = (
				B01C842C2B146E430081CA46 /* ContentView.swift */,
				B02141C32B21658A00532B18 /* Helpers */,
				B02141BA2B1D50E900532B18 /* Settings */,
				B02141B92B1D50D800532B18 /* Recipe */,
			);
			path = Views;
			sourceTree = "<group>";
		};
		B02141B92B1D50D800532B18 /* Recipe */ = {
			isa = PBXGroup;
			children = (
				B02141C82B22C77600532B18 /* NewRecipe */,
				B02141B12B1C287C00532B18 /* RecipeList.swift */,
				B02141AD2B1BE1C400532B18 /* RecipeRow.swift */,
				B02141BB2B1D51D900532B18 /* RecipeDetail.swift */,
			);
			path = Recipe;
			sourceTree = "<group>";
		};
		B02141BA2B1D50E900532B18 /* Settings */ = {
			isa = PBXGroup;
			children = (
				B02141B72B1D50B800532B18 /* Settings.swift */,
			);
			path = Settings;
			sourceTree = "<group>";
		};
		B02141C32B21658A00532B18 /* Helpers */ = {
			isa = PBXGroup;
			children = (
				B02141C12B21657B00532B18 /* NumberedList.swift */,
				B02141BF2B21657100532B18 /* BulletedList.swift */,
				B02141C42B216D0800532B18 /* FavoriteButton.swift */,
				B02141C62B22796500532B18 /* NavigationTab.swift */,
				B02141CD2B22C9E700532B18 /* SelectTint.swift */,
				B02141CF2B22CE6F00532B18 /* ProgressButton.swift */,
				B02141D12B22F47E00532B18 /* LineTextField.swift */,
			);
			path = Helpers;
			sourceTree = "<group>";
		};
		B02141C82B22C77600532B18 /* NewRecipe */ = {
			isa = PBXGroup;
			children = (
				B02141C92B22C79B00532B18 /* RegisterName.swift */,
				B02141CB2B22C85F00532B18 /* StartRegister.swift */,
				B02141D32B23761A00532B18 /* RegisterIngredients.swift */,
				B02141D62B23ADC500532B18 /* RegisterSteps.swift */,
			);
			path = NewRecipe;
			sourceTree = "<group>";
		};
/* End PBXGroup section */

/* Begin PBXNativeTarget section */
		B01C84262B146E430081CA46 /* MyRecipe */ = {
			isa = PBXNativeTarget;
			buildConfigurationList = B01C844B2B146E440081CA46 /* Build configuration list for PBXNativeTarget "MyRecipe" */;
			buildPhases = (
				B01C84232B146E430081CA46 /* Sources */,
				B01C84242B146E430081CA46 /* Frameworks */,
				B01C84252B146E430081CA46 /* Resources */,
			);
			buildRules = (
			);
			dependencies = (
			);
			name = MyRecipe;
			productName = MyRecipe;
			productReference = B01C84272B146E430081CA46 /* MyRecipe.app */;
			productType = "com.apple.product-type.application";
		};
		B01C84362B146E440081CA46 /* MyRecipeTests */ = {
			isa = PBXNativeTarget;
			buildConfigurationList = B01C844E2B146E440081CA46 /* Build configuration list for PBXNativeTarget "MyRecipeTests" */;
			buildPhases = (
				B01C84332B146E440081CA46 /* Sources */,
				B01C84342B146E440081CA46 /* Frameworks */,
				B01C84352B146E440081CA46 /* Resources */,
			);
			buildRules = (
			);
			dependencies = (
				B01C84392B146E440081CA46 /* PBXTargetDependency */,
			);
			name = MyRecipeTests;
			productName = MyRecipeTests;
			productReference = B01C84372B146E440081CA46 /* MyRecipeTests.xctest */;
			productType = "com.apple.product-type.bundle.unit-test";
		};
		B01C84402B146E440081CA46 /* MyRecipeUITests */ = {
			isa = PBXNativeTarget;
			buildConfigurationList = B01C84512B146E440081CA46 /* Build configuration list for PBXNativeTarget "MyRecipeUITests" */;
			buildPhases = (
				B01C843D2B146E440081CA46 /* Sources */,
				B01C843E2B146E440081CA46 /* Frameworks */,
				B01C843F2B146E440081CA46 /* Resources */,
			);
			buildRules = (
			);
			dependencies = (
				B01C84432B146E440081CA46 /* PBXTargetDependency */,
			);
			name = MyRecipeUITests;
			productName = MyRecipeUITests;
			productReference = B01C84412B146E440081CA46 /* MyRecipeUITests.xctest */;
			productType = "com.apple.product-type.bundle.ui-testing";
		};
/* End PBXNativeTarget section */

/* Begin PBXProject section */
		B01C841F2B146E430081CA46 /* Project object */ = {
			isa = PBXProject;
			attributes = {
				BuildIndependentTargetsInParallel = 1;
				LastSwiftUpdateCheck = 1500;
				LastUpgradeCheck = 1500;
				TargetAttributes = {
					B01C84262B146E430081CA46 = {
						CreatedOnToolsVersion = 15.0.1;
					};
					B01C84362B146E440081CA46 = {
						CreatedOnToolsVersion = 15.0.1;
						TestTargetID = B01C84262B146E430081CA46;
					};
					B01C84402B146E440081CA46 = {
						CreatedOnToolsVersion = 15.0.1;
						TestTargetID = B01C84262B146E430081CA46;
					};
				};
			};
			buildConfigurationList = B01C84222B146E430081CA46 /* Build configuration list for PBXProject "MyRecipe" */;
			compatibilityVersion = "Xcode 14.0";
			developmentRegion = en;
			hasScannedForEncodings = 0;
			knownRegions = (
				en,
				Base,
			);
			mainGroup = B01C841E2B146E430081CA46;
			productRefGroup = B01C84282B146E430081CA46 /* Products */;
			projectDirPath = "";
			projectRoot = "";
			targets = (
				B01C84262B146E430081CA46 /* MyRecipe */,
				B01C84362B146E440081CA46 /* MyRecipeTests */,
				B01C84402B146E440081CA46 /* MyRecipeUITests */,
			);
		};
/* End PBXProject section */

/* Begin PBXResourcesBuildPhase section */
		B01C84252B146E430081CA46 /* Resources */ = {
			isa = PBXResourcesBuildPhase;
			buildActionMask = 2147483647;
			files = (
				B02141B02B1BE28E00532B18 /* mockData.json in Resources */,
				B01C84322B146E440081CA46 /* Preview Assets.xcassets in Resources */,
				B01C842F2B146E440081CA46 /* Assets.xcassets in Resources */,
			);
			runOnlyForDeploymentPostprocessing = 0;
		};
		B01C84352B146E440081CA46 /* Resources */ = {
			isa = PBXResourcesBuildPhase;
			buildActionMask = 2147483647;
			files = (
			);
			runOnlyForDeploymentPostprocessing = 0;
		};
		B01C843F2B146E440081CA46 /* Resources */ = {
			isa = PBXResourcesBuildPhase;
			buildActionMask = 2147483647;
			files = (
			);
			runOnlyForDeploymentPostprocessing = 0;
		};
/* End PBXResourcesBuildPhase section */

/* Begin PBXSourcesBuildPhase section */
		B01C84232B146E430081CA46 /* Sources */ = {
			isa = PBXSourcesBuildPhase;
			buildActionMask = 2147483647;
			files = (
				B02141C02B21657100532B18 /* BulletedList.swift in Sources */,
				B02141D22B22F47E00532B18 /* LineTextField.swift in Sources */,
				B01C84572B14836B0081CA46 /* Recipe.swift in Sources */,
				B02141D42B23761A00532B18 /* RegisterIngredients.swift in Sources */,
				B02141BC2B1D51D900532B18 /* RecipeDetail.swift in Sources */,
				B02141CC2B22C85F00532B18 /* StartRegister.swift in Sources */,
				B02141C52B216D0800532B18 /* FavoriteButton.swift in Sources */,
				B02141BE2B1EDBF500532B18 /* ModelData.swift in Sources */,
				B02141B22B1C287C00532B18 /* RecipeList.swift in Sources */,
				B02141B82B1D50B800532B18 /* Settings.swift in Sources */,
				B01C84592B1487B70081CA46 /* Unit.swift in Sources */,
				B02141D02B22CE6F00532B18 /* ProgressButton.swift in Sources */,
				B02141C72B22796500532B18 /* NavigationTab.swift in Sources */,
				B02141CE2B22C9E700532B18 /* SelectTint.swift in Sources */,
				B02141D72B23ADC500532B18 /* RegisterSteps.swift in Sources */,
				B01C842D2B146E430081CA46 /* ContentView.swift in Sources */,
				B01C842B2B146E430081CA46 /* MyRecipeApp.swift in Sources */,
				B02141AE2B1BE1C400532B18 /* RecipeRow.swift in Sources */,
				B02141CA2B22C79B00532B18 /* RegisterName.swift in Sources */,
				B02141C22B21657B00532B18 /* NumberedList.swift in Sources */,
			);
			runOnlyForDeploymentPostprocessing = 0;
		};
		B01C84332B146E440081CA46 /* Sources */ = {
			isa = PBXSourcesBuildPhase;
			buildActionMask = 2147483647;
			files = (
				B01C843C2B146E440081CA46 /* MyRecipeTests.swift in Sources */,
			);
			runOnlyForDeploymentPostprocessing = 0;
		};
		B01C843D2B146E440081CA46 /* Sources */ = {
			isa = PBXSourcesBuildPhase;
			buildActionMask = 2147483647;
			files = (
				B01C84482B146E440081CA46 /* MyRecipeUITestsLaunchTests.swift in Sources */,
				B01C84462B146E440081CA46 /* MyRecipeUITests.swift in Sources */,
			);
			runOnlyForDeploymentPostprocessing = 0;
		};
/* End PBXSourcesBuildPhase section */

/* Begin PBXTargetDependency section */
		B01C84392B146E440081CA46 /* PBXTargetDependency */ = {
			isa = PBXTargetDependency;
			target = B01C84262B146E430081CA46 /* MyRecipe */;
			targetProxy = B01C84382B146E440081CA46 /* PBXContainerItemProxy */;
		};
		B01C84432B146E440081CA46 /* PBXTargetDependency */ = {
			isa = PBXTargetDependency;
			target = B01C84262B146E430081CA46 /* MyRecipe */;
			targetProxy = B01C84422B146E440081CA46 /* PBXContainerItemProxy */;
		};
/* End PBXTargetDependency section */

/* Begin XCBuildConfiguration section */
		B01C84492B146E440081CA46 /* Debug */ = {
			isa = XCBuildConfiguration;
			buildSettings = {
				ALWAYS_SEARCH_USER_PATHS = NO;
				ASSETCATALOG_COMPILER_GENERATE_SWIFT_ASSET_SYMBOL_EXTENSIONS = YES;
				CLANG_ANALYZER_NONNULL = YES;
				CLANG_ANALYZER_NUMBER_OBJECT_CONVERSION = YES_AGGRESSIVE;
				CLANG_CXX_LANGUAGE_STANDARD = "gnu++20";
				CLANG_ENABLE_MODULES = YES;
				CLANG_ENABLE_OBJC_ARC = YES;
				CLANG_ENABLE_OBJC_WEAK = YES;
				CLANG_WARN_BLOCK_CAPTURE_AUTORELEASING = YES;
				CLANG_WARN_BOOL_CONVERSION = YES;
				CLANG_WARN_COMMA = YES;
				CLANG_WARN_CONSTANT_CONVERSION = YES;
				CLANG_WARN_DEPRECATED_OBJC_IMPLEMENTATIONS = YES;
				CLANG_WARN_DIRECT_OBJC_ISA_USAGE = YES_ERROR;
				CLANG_WARN_DOCUMENTATION_COMMENTS = YES;
				CLANG_WARN_EMPTY_BODY = YES;
				CLANG_WARN_ENUM_CONVERSION = YES;
				CLANG_WARN_INFINITE_RECURSION = YES;
				CLANG_WARN_INT_CONVERSION = YES;
				CLANG_WARN_NON_LITERAL_NULL_CONVERSION = YES;
				CLANG_WARN_OBJC_IMPLICIT_RETAIN_SELF = YES;
				CLANG_WARN_OBJC_LITERAL_CONVERSION = YES;
				CLANG_WARN_OBJC_ROOT_CLASS = YES_ERROR;
				CLANG_WARN_QUOTED_INCLUDE_IN_FRAMEWORK_HEADER = YES;
				CLANG_WARN_RANGE_LOOP_ANALYSIS = YES;
				CLANG_WARN_STRICT_PROTOTYPES = YES;
				CLANG_WARN_SUSPICIOUS_MOVE = YES;
				CLANG_WARN_UNGUARDED_AVAILABILITY = YES_AGGRESSIVE;
				CLANG_WARN_UNREACHABLE_CODE = YES;
				CLANG_WARN__DUPLICATE_METHOD_MATCH = YES;
				COPY_PHASE_STRIP = NO;
				DEBUG_INFORMATION_FORMAT = dwarf;
				ENABLE_STRICT_OBJC_MSGSEND = YES;
				ENABLE_TESTABILITY = YES;
				ENABLE_USER_SCRIPT_SANDBOXING = YES;
				GCC_C_LANGUAGE_STANDARD = gnu17;
				GCC_DYNAMIC_NO_PIC = NO;
				GCC_NO_COMMON_BLOCKS = YES;
				GCC_OPTIMIZATION_LEVEL = 0;
				GCC_PREPROCESSOR_DEFINITIONS = (
					"DEBUG=1",
					"$(inherited)",
				);
				GCC_WARN_64_TO_32_BIT_CONVERSION = YES;
				GCC_WARN_ABOUT_RETURN_TYPE = YES_ERROR;
				GCC_WARN_UNDECLARED_SELECTOR = YES;
				GCC_WARN_UNINITIALIZED_AUTOS = YES_AGGRESSIVE;
				GCC_WARN_UNUSED_FUNCTION = YES;
				GCC_WARN_UNUSED_VARIABLE = YES;
				IPHONEOS_DEPLOYMENT_TARGET = 17.0;
				LOCALIZATION_PREFERS_STRING_CATALOGS = YES;
				MTL_ENABLE_DEBUG_INFO = INCLUDE_SOURCE;
				MTL_FAST_MATH = YES;
				ONLY_ACTIVE_ARCH = YES;
				SDKROOT = iphoneos;
				SWIFT_ACTIVE_COMPILATION_CONDITIONS = "DEBUG $(inherited)";
				SWIFT_OPTIMIZATION_LEVEL = "-Onone";
			};
			name = Debug;
		};
		B01C844A2B146E440081CA46 /* Release */ = {
			isa = XCBuildConfiguration;
			buildSettings = {
				ALWAYS_SEARCH_USER_PATHS = NO;
				ASSETCATALOG_COMPILER_GENERATE_SWIFT_ASSET_SYMBOL_EXTENSIONS = YES;
				CLANG_ANALYZER_NONNULL = YES;
				CLANG_ANALYZER_NUMBER_OBJECT_CONVERSION = YES_AGGRESSIVE;
				CLANG_CXX_LANGUAGE_STANDARD = "gnu++20";
				CLANG_ENABLE_MODULES = YES;
				CLANG_ENABLE_OBJC_ARC = YES;
				CLANG_ENABLE_OBJC_WEAK = YES;
				CLANG_WARN_BLOCK_CAPTURE_AUTORELEASING = YES;
				CLANG_WARN_BOOL_CONVERSION = YES;
				CLANG_WARN_COMMA = YES;
				CLANG_WARN_CONSTANT_CONVERSION = YES;
				CLANG_WARN_DEPRECATED_OBJC_IMPLEMENTATIONS = YES;
				CLANG_WARN_DIRECT_OBJC_ISA_USAGE = YES_ERROR;
				CLANG_WARN_DOCUMENTATION_COMMENTS = YES;
				CLANG_WARN_EMPTY_BODY = YES;
				CLANG_WARN_ENUM_CONVERSION = YES;
				CLANG_WARN_INFINITE_RECURSION = YES;
				CLANG_WARN_INT_CONVERSION = YES;
				CLANG_WARN_NON_LITERAL_NULL_CONVERSION = YES;
				CLANG_WARN_OBJC_IMPLICIT_RETAIN_SELF = YES;
				CLANG_WARN_OBJC_LITERAL_CONVERSION = YES;
				CLANG_WARN_OBJC_ROOT_CLASS = YES_ERROR;
				CLANG_WARN_QUOTED_INCLUDE_IN_FRAMEWORK_HEADER = YES;
				CLANG_WARN_RANGE_LOOP_ANALYSIS = YES;
				CLANG_WARN_STRICT_PROTOTYPES = YES;
				CLANG_WARN_SUSPICIOUS_MOVE = YES;
				CLANG_WARN_UNGUARDED_AVAILABILITY = YES_AGGRESSIVE;
				CLANG_WARN_UNREACHABLE_CODE = YES;
				CLANG_WARN__DUPLICATE_METHOD_MATCH = YES;
				COPY_PHASE_STRIP = NO;
				DEBUG_INFORMATION_FORMAT = "dwarf-with-dsym";
				ENABLE_NS_ASSERTIONS = NO;
				ENABLE_STRICT_OBJC_MSGSEND = YES;
				ENABLE_USER_SCRIPT_SANDBOXING = YES;
				GCC_C_LANGUAGE_STANDARD = gnu17;
				GCC_NO_COMMON_BLOCKS = YES;
				GCC_WARN_64_TO_32_BIT_CONVERSION = YES;
				GCC_WARN_ABOUT_RETURN_TYPE = YES_ERROR;
				GCC_WARN_UNDECLARED_SELECTOR = YES;
				GCC_WARN_UNINITIALIZED_AUTOS = YES_AGGRESSIVE;
				GCC_WARN_UNUSED_FUNCTION = YES;
				GCC_WARN_UNUSED_VARIABLE = YES;
				IPHONEOS_DEPLOYMENT_TARGET = 17.0;
				LOCALIZATION_PREFERS_STRING_CATALOGS = YES;
				MTL_ENABLE_DEBUG_INFO = NO;
				MTL_FAST_MATH = YES;
				SDKROOT = iphoneos;
				SWIFT_COMPILATION_MODE = wholemodule;
				VALIDATE_PRODUCT = YES;
			};
			name = Release;
		};
		B01C844C2B146E440081CA46 /* Debug */ = {
			isa = XCBuildConfiguration;
			buildSettings = {
				ASSETCATALOG_COMPILER_APPICON_NAME = AppIcon;
				ASSETCATALOG_COMPILER_GLOBAL_ACCENT_COLOR_NAME = AccentColor;
				CODE_SIGN_STYLE = Automatic;
				CURRENT_PROJECT_VERSION = 1;
				DEVELOPMENT_ASSET_PATHS = "\"MyRecipe/Preview Content\"";
				ENABLE_PREVIEWS = YES;
				GENERATE_INFOPLIST_FILE = YES;
				INFOPLIST_KEY_UIApplicationSceneManifest_Generation = YES;
				INFOPLIST_KEY_UIApplicationSupportsIndirectInputEvents = YES;
				INFOPLIST_KEY_UILaunchScreen_Generation = YES;
				INFOPLIST_KEY_UISupportedInterfaceOrientations_iPad = "UIInterfaceOrientationPortrait UIInterfaceOrientationPortraitUpsideDown UIInterfaceOrientationLandscapeLeft UIInterfaceOrientationLandscapeRight";
				INFOPLIST_KEY_UISupportedInterfaceOrientations_iPhone = "UIInterfaceOrientationPortrait UIInterfaceOrientationLandscapeLeft UIInterfaceOrientationLandscapeRight";
				LD_RUNPATH_SEARCH_PATHS = (
					"$(inherited)",
					"@executable_path/Frameworks",
				);
				MARKETING_VERSION = 1.0;
				PRODUCT_BUNDLE_IDENTIFIER = wk.MyRecipe;
				PRODUCT_NAME = "$(TARGET_NAME)";
				SWIFT_EMIT_LOC_STRINGS = YES;
				SWIFT_VERSION = 5.0;
				TARGETED_DEVICE_FAMILY = "1,2";
			};
			name = Debug;
		};
		B01C844D2B146E440081CA46 /* Release */ = {
			isa = XCBuildConfiguration;
			buildSettings = {
				ASSETCATALOG_COMPILER_APPICON_NAME = AppIcon;
				ASSETCATALOG_COMPILER_GLOBAL_ACCENT_COLOR_NAME = AccentColor;
				CODE_SIGN_STYLE = Automatic;
				CURRENT_PROJECT_VERSION = 1;
				DEVELOPMENT_ASSET_PATHS = "\"MyRecipe/Preview Content\"";
				ENABLE_PREVIEWS = YES;
				GENERATE_INFOPLIST_FILE = YES;
				INFOPLIST_KEY_UIApplicationSceneManifest_Generation = YES;
				INFOPLIST_KEY_UIApplicationSupportsIndirectInputEvents = YES;
				INFOPLIST_KEY_UILaunchScreen_Generation = YES;
				INFOPLIST_KEY_UISupportedInterfaceOrientations_iPad = "UIInterfaceOrientationPortrait UIInterfaceOrientationPortraitUpsideDown UIInterfaceOrientationLandscapeLeft UIInterfaceOrientationLandscapeRight";
				INFOPLIST_KEY_UISupportedInterfaceOrientations_iPhone = "UIInterfaceOrientationPortrait UIInterfaceOrientationLandscapeLeft UIInterfaceOrientationLandscapeRight";
				LD_RUNPATH_SEARCH_PATHS = (
					"$(inherited)",
					"@executable_path/Frameworks",
				);
				MARKETING_VERSION = 1.0;
				PRODUCT_BUNDLE_IDENTIFIER = wk.MyRecipe;
				PRODUCT_NAME = "$(TARGET_NAME)";
				SWIFT_EMIT_LOC_STRINGS = YES;
				SWIFT_VERSION = 5.0;
				TARGETED_DEVICE_FAMILY = "1,2";
			};
			name = Release;
		};
		B01C844F2B146E440081CA46 /* Debug */ = {
			isa = XCBuildConfiguration;
			buildSettings = {
				ALWAYS_EMBED_SWIFT_STANDARD_LIBRARIES = YES;
				BUNDLE_LOADER = "$(TEST_HOST)";
				CODE_SIGN_STYLE = Automatic;
				CURRENT_PROJECT_VERSION = 1;
				GENERATE_INFOPLIST_FILE = YES;
				IPHONEOS_DEPLOYMENT_TARGET = 17.0;
				MARKETING_VERSION = 1.0;
				PRODUCT_BUNDLE_IDENTIFIER = wk.MyRecipeTests;
				PRODUCT_NAME = "$(TARGET_NAME)";
				SWIFT_EMIT_LOC_STRINGS = NO;
				SWIFT_VERSION = 5.0;
				TARGETED_DEVICE_FAMILY = "1,2";
				TEST_HOST = "$(BUILT_PRODUCTS_DIR)/MyRecipe.app/$(BUNDLE_EXECUTABLE_FOLDER_PATH)/MyRecipe";
			};
			name = Debug;
		};
		B01C84502B146E440081CA46 /* Release */ = {
			isa = XCBuildConfiguration;
			buildSettings = {
				ALWAYS_EMBED_SWIFT_STANDARD_LIBRARIES = YES;
				BUNDLE_LOADER = "$(TEST_HOST)";
				CODE_SIGN_STYLE = Automatic;
				CURRENT_PROJECT_VERSION = 1;
				GENERATE_INFOPLIST_FILE = YES;
				IPHONEOS_DEPLOYMENT_TARGET = 17.0;
				MARKETING_VERSION = 1.0;
				PRODUCT_BUNDLE_IDENTIFIER = wk.MyRecipeTests;
				PRODUCT_NAME = "$(TARGET_NAME)";
				SWIFT_EMIT_LOC_STRINGS = NO;
				SWIFT_VERSION = 5.0;
				TARGETED_DEVICE_FAMILY = "1,2";
				TEST_HOST = "$(BUILT_PRODUCTS_DIR)/MyRecipe.app/$(BUNDLE_EXECUTABLE_FOLDER_PATH)/MyRecipe";
			};
			name = Release;
		};
		B01C84522B146E440081CA46 /* Debug */ = {
			isa = XCBuildConfiguration;
			buildSettings = {
				ALWAYS_EMBED_SWIFT_STANDARD_LIBRARIES = YES;
				CODE_SIGN_STYLE = Automatic;
				CURRENT_PROJECT_VERSION = 1;
				GENERATE_INFOPLIST_FILE = YES;
				MARKETING_VERSION = 1.0;
				PRODUCT_BUNDLE_IDENTIFIER = wk.MyRecipeUITests;
				PRODUCT_NAME = "$(TARGET_NAME)";
				SWIFT_EMIT_LOC_STRINGS = NO;
				SWIFT_VERSION = 5.0;
				TARGETED_DEVICE_FAMILY = "1,2";
				TEST_TARGET_NAME = MyRecipe;
			};
			name = Debug;
		};
		B01C84532B146E440081CA46 /* Release */ = {
			isa = XCBuildConfiguration;
			buildSettings = {
				ALWAYS_EMBED_SWIFT_STANDARD_LIBRARIES = YES;
				CODE_SIGN_STYLE = Automatic;
				CURRENT_PROJECT_VERSION = 1;
				GENERATE_INFOPLIST_FILE = YES;
				MARKETING_VERSION = 1.0;
				PRODUCT_BUNDLE_IDENTIFIER = wk.MyRecipeUITests;
				PRODUCT_NAME = "$(TARGET_NAME)";
				SWIFT_EMIT_LOC_STRINGS = NO;
				SWIFT_VERSION = 5.0;
				TARGETED_DEVICE_FAMILY = "1,2";
				TEST_TARGET_NAME = MyRecipe;
			};
			name = Release;
		};
/* End XCBuildConfiguration section */

/* Begin XCConfigurationList section */
		B01C84222B146E430081CA46 /* Build configuration list for PBXProject "MyRecipe" */ = {
			isa = XCConfigurationList;
			buildConfigurations = (
				B01C84492B146E440081CA46 /* Debug */,
				B01C844A2B146E440081CA46 /* Release */,
			);
			defaultConfigurationIsVisible = 0;
			defaultConfigurationName = Release;
		};
		B01C844B2B146E440081CA46 /* Build configuration list for PBXNativeTarget "MyRecipe" */ = {
			isa = XCConfigurationList;
			buildConfigurations = (
				B01C844C2B146E440081CA46 /* Debug */,
				B01C844D2B146E440081CA46 /* Release */,
			);
			defaultConfigurationIsVisible = 0;
			defaultConfigurationName = Release;
		};
		B01C844E2B146E440081CA46 /* Build configuration list for PBXNativeTarget "MyRecipeTests" */ = {
			isa = XCConfigurationList;
			buildConfigurations = (
				B01C844F2B146E440081CA46 /* Debug */,
				B01C84502B146E440081CA46 /* Release */,
			);
			defaultConfigurationIsVisible = 0;
			defaultConfigurationName = Release;
		};
		B01C84512B146E440081CA46 /* Build configuration list for PBXNativeTarget "MyRecipeUITests" */ = {
			isa = XCConfigurationList;
			buildConfigurations = (
				B01C84522B146E440081CA46 /* Debug */,
				B01C84532B146E440081CA46 /* Release */,
			);
			defaultConfigurationIsVisible = 0;
			defaultConfigurationName = Release;
		};
/* End XCConfigurationList section */
	};
	rootObject = B01C841F2B146E430081CA46 /* Project object */;
}
